
Microsoft Visual Studio Solution File, Format Version 12.00
# Visual Studio Version 16
VisualStudioVersion = 16.0.30011.22
MinimumVisualStudioVersion = 10.0.40219.1
Project("{FAE04EC0-301F-11D3-BF4B-00C04F79EFBC}") = "Hallo", "Hallo\Hallo.csproj", "{800A4796-3EB1-4959-99B2-BEC5B8D8DB18}"
EndProject
Project("{FAE04EC0-301F-11D3-BF4B-00C04F79EFBC}") = "StudentDiary", "StudentDiary\StudentDiary.csproj", "{6F27034D-B245-41DA-818B-8D9EFDA575B9}"
EndProject
Project("{FAE04EC0-301F-11D3-BF4B-00C04F79EFBC}") = "Construktors", "Construktors\Construktors.csproj", "{4F17A46B-DFB7-434D-AFD5-E457DD2389B6}"
EndProject
Project("{FAE04EC0-301F-11D3-BF4B-00C04F79EFBC}") = "Odcinek10", "Odcinek10\Odcinek10.csproj", "{BD835DA9-E93D-4D53-A19C-623404925781}"
EndProject
Global
	GlobalSection(SolutionConfigurationPlatforms) = preSolution
		Debug|Any CPU = Debug|Any CPU
		Release|Any CPU = Release|Any CPU
	EndGlobalSection
	GlobalSection(ProjectConfigurationPlatforms) = postSolution
		{800A4796-3EB1-4959-99B2-BEC5B8D8DB18}.Debug|Any CPU.ActiveCfg = Debug|Any CPU
		{800A4796-3EB1-4959-99B2-BEC5B8D8DB18}.Debug|Any CPU.Build.0 = Debug|Any CPU
		{800A4796-3EB1-4959-99B2-BEC5B8D8DB18}.Release|Any CPU.ActiveCfg = Release|Any CPU
		{800A4796-3EB1-4959-99B2-BEC5B8D8DB18}.Release|Any CPU.Build.0 = Release|Any CPU
		{6F27034D-B245-41DA-818B-8D9EFDA575B9}.Debug|Any CPU.ActiveCfg = Debug|Any CPU
		{6F27034D-B245-41DA-818B-8D9EFDA575B9}.Debug|Any CPU.Build.0 = Debug|Any CPU
		{6F27034D-B245-41DA-818B-8D9EFDA575B9}.Release|Any CPU.ActiveCfg = Release|Any CPU
		{6F27034D-B245-41DA-818B-8D9EFDA575B9}.Release|Any CPU.Build.0 = Release|Any CPU
		{4F17A46B-DFB7-434D-AFD5-E457DD2389B6}.Debug|Any CPU.ActiveCfg = Debug|Any CPU
		{4F17A46B-DFB7-434D-AFD5-E457DD2389B6}.Debug|Any CPU.Build.0 = Debug|Any CPU
		{4F17A46B-DFB7-434D-AFD5-E457DD2389B6}.Release|Any CPU.ActiveCfg = Release|Any CPU
		{4F17A46B-DFB7-434D-AFD5-E457DD2389B6}.Release|Any CPU.Build.0 = Release|Any CPU
		{BD835DA9-E93D-4D53-A19C-623404925781}.Debug|Any CPU.ActiveCfg = Debug|Any CPU
		{BD835DA9-E93D-4D53-A19C-623404925781}.Debug|Any CPU.Build.0 = Debug|Any CPU
		{BD835DA9-E93D-4D53-A19C-623404925781}.Release|Any CPU.ActiveCfg = Release|Any CPU
		{BD835DA9-E93D-4D53-A19C-623404925781}.Release|Any CPU.Build.0 = Release|Any CPU
	EndGlobalSection
	GlobalSection(SolutionProperties) = preSolution
		HideSolutionNode = FALSE
	EndGlobalSection
	GlobalSection(ExtensibilityGlobals) = postSolution
		SolutionGuid = {33C69DD0-486B-4079-8C10-B8985D502B72}
	EndGlobalSection
EndGlobal
